{
  "version": 4,
  "terraform_version": "0.12.20",
  "serial": 90,
  "lineage": "3db4ea8a-7af7-b9b3-92b6-95274e3aa86a",
  "outputs": {},
  "resources": [
    {
      "mode": "managed",
      "type": "aws_eip",
      "name": "ip",
      "provider": "provider.aws",
      "instances": []
    },
    {
      "module": "module.ECS",
      "mode": "managed",
      "type": "aws_instance",
      "name": "example",
      "provider": "provider.aws",
      "instances": [
        {
          "status": "tainted",
          "schema_version": 1,
          "attributes": {
            "ami": "ami-0eaf9544b98b1180c",
            "arn": "arn:aws:ec2:ap-southeast-1:335433134017:instance/i-0c7803fcf8c45f40d",
            "associate_public_ip_address": true,
            "availability_zone": "ap-southeast-1b",
            "cpu_core_count": 1,
            "cpu_threads_per_core": 1,
            "credit_specification": [
              {
                "cpu_credits": "standard"
              }
            ],
            "disable_api_termination": false,
            "ebs_block_device": [],
            "ebs_optimized": false,
            "ephemeral_block_device": [],
            "get_password_data": false,
            "hibernation": false,
            "host_id": null,
            "iam_instance_profile": "",
            "id": "i-0c7803fcf8c45f40d",
            "instance_initiated_shutdown_behavior": null,
            "instance_state": "running",
            "instance_type": "t2.micro",
            "ipv6_address_count": 0,
            "ipv6_addresses": [],
            "key_name": "terraform-development",
            "monitoring": false,
            "network_interface": [],
            "network_interface_id": null,
            "password_data": "",
            "placement_group": "",
            "primary_network_interface_id": "eni-07e153460e3810e88",
            "private_dns": "ip-172-31-22-202.ap-southeast-1.compute.internal",
            "private_ip": "172.31.22.202",
            "public_dns": "ec2-3-1-222-67.ap-southeast-1.compute.amazonaws.com",
            "public_ip": "3.1.222.67",
            "root_block_device": [
              {
                "delete_on_termination": true,
                "encrypted": false,
                "iops": 100,
                "kms_key_id": "",
                "volume_id": "vol-0078a55344cacec4d",
                "volume_size": 8,
                "volume_type": "gp2"
              }
            ],
            "security_groups": [
              "default"
            ],
            "source_dest_check": true,
            "subnet_id": "subnet-42b54e24",
            "tags": {
              "Name": "tf-example"
            },
            "tenancy": "default",
            "timeouts": null,
            "user_data": null,
            "user_data_base64": null,
            "volume_tags": {},
            "vpc_security_group_ids": [
              "sg-0dd3837c"
            ]
          },
          "private": "eyJlMmJmYjczMC1lY2FhLTExZTYtOGY4OC0zNDM2M2JjN2M0YzAiOnsiY3JlYXRlIjo2MDAwMDAwMDAwMDAsImRlbGV0ZSI6MTIwMDAwMDAwMDAwMCwidXBkYXRlIjo2MDAwMDAwMDAwMDB9LCJzY2hlbWFfdmVyc2lvbiI6IjEifQ=="
        }
      ]
    },
    {
      "module": "module.security",
      "mode": "managed",
      "type": "aws_key_pair",
      "name": "example",
      "provider": "provider.aws",
      "instances": [
        {
          "schema_version": 1,
          "attributes": {
            "fingerprint": "a8:0e:6a:f0:16:51:d3:fe:a4:a0:80:a0:44:4f:61:36",
            "id": "terraform-development",
            "key_name": "terraform-development",
            "key_name_prefix": null,
            "key_pair_id": "key-03224098b1852cc2e",
            "public_key": "ssh-rsa AAAAB3NzaC1yc2EAAAADAQABAAABAQDXZSUI5VFygGqZOWPytKe/xt50ch4DkNB9WUDEZGoWFF9P0Xw7M9QtpbVJa2JaZhgWpSwuxuVjRYZrYaFH0CjdMv1WvW6FKfFTk8LSAlzS2vVDKkTZiZVC0WpLSepWy5tUmEqu+MNQX3M+0apMvShdJxOLaB8TUNLnRqsXO9693Mncm47I91xzCj224FMeZo5wKM3v0teYTuZlpBqBQXtDPzrGsqS5oAyIxVMSOChjFAPWQbOLpczMx6siNGTA49YRlI82ILMmQUlHDRqRx57+ZdGSFh4OFF9SCMbeyBhzKtL+YpcB/zq8AQGnqC+5lyzgd9/JHw7HroqiHkjG6KQd mattrybin@Matts-MacBook-Pro.local",
            "tags": {}
          },
          "private": "eyJzY2hlbWFfdmVyc2lvbiI6IjEifQ=="
        }
      ]
    }
  ]
}
